
Microsoft Visual Studio Solution File, Format Version 12.00
# Visual Studio Version 17
VisualStudioVersion = 17.4.33103.184
MinimumVisualStudioVersion = 10.0.40219.1
Project("{FAE04EC0-301F-11D3-BF4B-00C04F79EFBC}") = "PosSystem", "PosSystem.csproj", "{078B0940-3904-441A-B576-DFE522F1F6B9}"
EndProject
Global
	GlobalSection(SolutionConfigurationPlatforms) = preSolution
		Debug|Any CPU = Debug|Any CPU
		Release|Any CPU = Release|Any CPU
	EndGlobalSection
	GlobalSection(ProjectConfigurationPlatforms) = postSolution
		{078B0940-3904-441A-B576-DFE522F1F6B9}.Debug|Any CPU.ActiveCfg = Debug|Any CPU
		{078B0940-3904-441A-B576-DFE522F1F6B9}.Debug|Any CPU.Build.0 = Debug|Any CPU
		{078B0940-3904-441A-B576-DFE522F1F6B9}.Release|Any CPU.ActiveCfg = Release|Any CPU
		{078B0940-3904-441A-B576-DFE522F1F6B9}.Release|Any CPU.Build.0 = Release|Any CPU
	EndGlobalSection
	GlobalSection(SolutionProperties) = preSolution
		HideSolutionNode = FALSE
	EndGlobalSection
	GlobalSection(ExtensibilityGlobals) = postSolution
		SolutionGuid = {090F7654-2A3D-48A8-A6FD-BB49417B0E99}
	EndGlobalSection
EndGlobal
